
Microsoft Visual Studio Solution File, Format Version 12.00
# Visual Studio Version 16
VisualStudioVersion = 16.0.29001.49
MinimumVisualStudioVersion = 10.0.40219.1
Project("{9A19103F-16F7-4668-BE54-9A1E7A4F7556}") = "NeoDocsBuilder", "NeoDocsBuilder\NeoDocsBuilder.csproj", "{C2108922-FADD-468B-BADE-D25B8E12017F}"
EndProject
Global
	GlobalSection(SolutionConfigurationPlatforms) = preSolution
		Debug|Any CPU = Debug|Any CPU
		Release|Any CPU = Release|Any CPU
	EndGlobalSection
	GlobalSection(ProjectConfigurationPlatforms) = postSolution
		{C2108922-FADD-468B-BADE-D25B8E12017F}.Debug|Any CPU.ActiveCfg = Debug|Any CPU
		{C2108922-FADD-468B-BADE-D25B8E12017F}.Debug|Any CPU.Build.0 = Debug|Any CPU
		{C2108922-FADD-468B-BADE-D25B8E12017F}.Release|Any CPU.ActiveCfg = Release|Any CPU
		{C2108922-FADD-468B-BADE-D25B8E12017F}.Release|Any CPU.Build.0 = Release|Any CPU
	EndGlobalSection
	GlobalSection(SolutionProperties) = preSolution
		HideSolutionNode = FALSE
	EndGlobalSection
	GlobalSection(ExtensibilityGlobals) = postSolution
		SolutionGuid = {1247E439-5072-43D6-B64A-2F3CB229DE95}
	EndGlobalSection
EndGlobal
